
Microsoft Visual Studio Solution File, Format Version 12.00
# Visual Studio 15
VisualStudioVersion = 15.0.26430.15
MinimumVisualStudioVersion = 10.0.40219.1
Project("{FAE04EC0-301F-11D3-BF4B-00C04F79EFBC}") = "BulkIpGeoLocator", "BulkIpGeoLocator.csproj", "{C68BD895-8B1A-4341-84D1-D845CE5FD461}"
EndProject
Project("{FAE04EC0-301F-11D3-BF4B-00C04F79EFBC}") = "MaxMindDbClient", "..\MaxMindDbClient\MaxMindDbClient.csproj", "{D2584D62-F8F5-4937-BCBD-2F46B4CCF3B6}"
EndProject
Global
	GlobalSection(SolutionConfigurationPlatforms) = preSolution
		Debug|Any CPU = Debug|Any CPU
		Release|Any CPU = Release|Any CPU
	EndGlobalSection
	GlobalSection(ProjectConfigurationPlatforms) = postSolution
		{C68BD895-8B1A-4341-84D1-D845CE5FD461}.Debug|Any CPU.ActiveCfg = Debug|Any CPU
		{C68BD895-8B1A-4341-84D1-D845CE5FD461}.Debug|Any CPU.Build.0 = Debug|Any CPU
		{C68BD895-8B1A-4341-84D1-D845CE5FD461}.Release|Any CPU.ActiveCfg = Release|Any CPU
		{C68BD895-8B1A-4341-84D1-D845CE5FD461}.Release|Any CPU.Build.0 = Release|Any CPU
		{D2584D62-F8F5-4937-BCBD-2F46B4CCF3B6}.Debug|Any CPU.ActiveCfg = Debug|Any CPU
		{D2584D62-F8F5-4937-BCBD-2F46B4CCF3B6}.Debug|Any CPU.Build.0 = Debug|Any CPU
		{D2584D62-F8F5-4937-BCBD-2F46B4CCF3B6}.Release|Any CPU.ActiveCfg = Release|Any CPU
		{D2584D62-F8F5-4937-BCBD-2F46B4CCF3B6}.Release|Any CPU.Build.0 = Release|Any CPU
	EndGlobalSection
	GlobalSection(SolutionProperties) = preSolution
		HideSolutionNode = FALSE
	EndGlobalSection
EndGlobal
